// !$*UTF8*$!
{
	archiveVersion = 1;
	classes = {
	};
	objectVersion = 50;
	objects = {

/* Begin PBXBuildFile section */
		3905B5EE24C9C5DE00A768A7 /* AppDelegate.swift in Sources */ = {isa = PBXBuildFile; fileRef = 3905B5ED24C9C5DE00A768A7 /* AppDelegate.swift */; };
		3905B5F024C9C5DE00A768A7 /* SceneDelegate.swift in Sources */ = {isa = PBXBuildFile; fileRef = 3905B5EF24C9C5DE00A768A7 /* SceneDelegate.swift */; };
		3905B5F224C9C5DE00A768A7 /* ViewController.swift in Sources */ = {isa = PBXBuildFile; fileRef = 3905B5F124C9C5DE00A768A7 /* ViewController.swift */; };
		3905B5F524C9C5DE00A768A7 /* Main.storyboard in Resources */ = {isa = PBXBuildFile; fileRef = 3905B5F324C9C5DE00A768A7 /* Main.storyboard */; };
		3905B5F724C9C5DF00A768A7 /* Assets.xcassets in Resources */ = {isa = PBXBuildFile; fileRef = 3905B5F624C9C5DF00A768A7 /* Assets.xcassets */; };
		3905B5FA24C9C5DF00A768A7 /* LaunchScreen.storyboard in Resources */ = {isa = PBXBuildFile; fileRef = 3905B5F824C9C5DF00A768A7 /* LaunchScreen.storyboard */; };
		3905B60224C9C6B500A768A7 /* SwiftUIView.swift in Sources */ = {isa = PBXBuildFile; fileRef = 3905B60124C9C6B500A768A7 /* SwiftUIView.swift */; };
		3905B60424C9C77600A768A7 /* ViewControllerRepresentable.swift in Sources */ = {isa = PBXBuildFile; fileRef = 3905B60324C9C77600A768A7 /* ViewControllerRepresentable.swift */; };
/* End PBXBuildFile section */

/* Begin PBXFileReference section */
		3905B5EA24C9C5DE00A768A7 /* UIKitSwiftUIDemo.app */ = {isa = PBXFileReference; explicitFileType = wrapper.application; includeInIndex = 0; path = UIKitSwiftUIDemo.app; sourceTree = BUILT_PRODUCTS_DIR; };
		3905B5ED24C9C5DE00A768A7 /* AppDelegate.swift */ = {isa = PBXFileReference; lastKnownFileType = sourcecode.swift; path = AppDelegate.swift; sourceTree = "<group>"; };
		3905B5EF24C9C5DE00A768A7 /* SceneDelegate.swift */ = {isa = PBXFileReference; lastKnownFileType = sourcecode.swift; path = SceneDelegate.swift; sourceTree = "<group>"; };
		3905B5F124C9C5DE00A768A7 /* ViewController.swift */ = {isa = PBXFileReference; lastKnownFileType = sourcecode.swift; path = ViewController.swift; sourceTree = "<group>"; };
		3905B5F424C9C5DE00A768A7 /* Base */ = {isa = PBXFileReference; lastKnownFileType = file.storyboard; name = Base; path = Base.lproj/Main.storyboard; sourceTree = "<group>"; };
		3905B5F624C9C5DF00A768A7 /* Assets.xcassets */ = {isa = PBXFileReference; lastKnownFileType = folder.assetcatalog; path = Assets.xcassets; sourceTree = "<group>"; };
		3905B5F924C9C5DF00A768A7 /* Base */ = {isa = PBXFileReference; lastKnownFileType = file.storyboard; name = Base; path = Base.lproj/LaunchScreen.storyboard; sourceTree = "<group>"; };
		3905B5FB24C9C5DF00A768A7 /* Info.plist */ = {isa = PBXFileReference; lastKnownFileType = text.plist.xml; path = Info.plist; sourceTree = "<group>"; };
		3905B60124C9C6B500A768A7 /* SwiftUIView.swift */ = {isa = PBXFileReference; lastKnownFileType = sourcecode.swift; path = SwiftUIView.swift; sourceTree = "<group>"; };
		3905B60324C9C77600A768A7 /* ViewControllerRepresentable.swift */ = {isa = PBXFileReference; lastKnownFileType = sourcecode.swift; path = ViewControllerRepresentable.swift; sourceTree = "<group>"; };
/* End PBXFileReference section */

/* Begin PBXFrameworksBuildPhase section */
		3905B5E724C9C5DE00A768A7 /* Frameworks */ = {
			isa = PBXFrameworksBuildPhase;
			buildActionMask = 2147483647;
			files = (
			);
			runOnlyForDeploymentPostprocessing = 0;
		};
/* End PBXFrameworksBuildPhase section */

/* Begin PBXGroup section */
		3905B5E124C9C5DE00A768A7 = {
			isa = PBXGroup;
			children = (
				3905B5EC24C9C5DE00A768A7 /* UIKitSwiftUIDemo */,
				3905B5EB24C9C5DE00A768A7 /* Products */,
			);
			sourceTree = "<group>";
		};
		3905B5EB24C9C5DE00A768A7 /* Products */ = {
			isa = PBXGroup;
			children = (
				3905B5EA24C9C5DE00A768A7 /* UIKitSwiftUIDemo.app */,
			);
			name = Products;
			sourceTree = "<group>";
		};
		3905B5EC24C9C5DE00A768A7 /* UIKitSwiftUIDemo */ = {
			isa = PBXGroup;
			children = (
				3905B5ED24C9C5DE00A768A7 /* AppDelegate.swift */,
				3905B5EF24C9C5DE00A768A7 /* SceneDelegate.swift */,
				3905B5F124C9C5DE00A768A7 /* ViewController.swift */,
				3905B60124C9C6B500A768A7 /* SwiftUIView.swift */,
				3905B60324C9C77600A768A7 /* ViewControllerRepresentable.swift */,
				3905B5F324C9C5DE00A768A7 /* Main.storyboard */,
				3905B5F624C9C5DF00A768A7 /* Assets.xcassets */,
				3905B5F824C9C5DF00A768A7 /* LaunchScreen.storyboard */,
				3905B5FB24C9C5DF00A768A7 /* Info.plist */,
			);
			path = UIKitSwiftUIDemo;
			sourceTree = "<group>";
		};
/* End PBXGroup section */

/* Begin PBXNativeTarget section */
		3905B5E924C9C5DE00A768A7 /* UIKitSwiftUIDemo */ = {
			isa = PBXNativeTarget;
			buildConfigurationList = 3905B5FE24C9C5DF00A768A7 /* Build configuration list for PBXNativeTarget "UIKitSwiftUIDemo" */;
			buildPhases = (
				3905B5E624C9C5DE00A768A7 /* Sources */,
				3905B5E724C9C5DE00A768A7 /* Frameworks */,
				3905B5E824C9C5DE00A768A7 /* Resources */,
			);
			buildRules = (
			);
			dependencies = (
			);
			name = UIKitSwiftUIDemo;
			productName = UIKitSwiftUIDemo;
			productReference = 3905B5EA24C9C5DE00A768A7 /* UIKitSwiftUIDemo.app */;
			productType = "com.apple.product-type.application";
		};
/* End PBXNativeTarget section */

/* Begin PBXProject section */
		3905B5E224C9C5DE00A768A7 /* Project object */ = {
			isa = PBXProject;
			attributes = {
				LastSwiftUpdateCheck = 1160;
				LastUpgradeCheck = 1160;
				ORGANIZATIONNAME = "Tristan Diependael";
				TargetAttributes = {
					3905B5E924C9C5DE00A768A7 = {
						CreatedOnToolsVersion = 11.6;
					};
				};
			};
			buildConfigurationList = 3905B5E524C9C5DE00A768A7 /* Build configuration list for PBXProject "UIKitSwiftUIDemo" */;
			compatibilityVersion = "Xcode 9.3";
			developmentRegion = en;
			hasScannedForEncodings = 0;
			knownRegions = (
				en,
				Base,
			);
			mainGroup = 3905B5E124C9C5DE00A768A7;
			productRefGroup = 3905B5EB24C9C5DE00A768A7 /* Products */;
			projectDirPath = "";
			projectRoot = "";
			targets = (
				3905B5E924C9C5DE00A768A7 /* UIKitSwiftUIDemo */,
			);
		};
/* End PBXProject section */

/* Begin PBXResourcesBuildPhase section */
		3905B5E824C9C5DE00A768A7 /* Resources */ = {
			isa = PBXResourcesBuildPhase;
			buildActionMask = 2147483647;
			files = (
				3905B5FA24C9C5DF00A768A7 /* LaunchScreen.storyboard in Resources */,
				3905B5F724C9C5DF00A768A7 /* Assets.xcassets in Resources */,
				3905B5F524C9C5DE00A768A7 /* Main.storyboard in Resources */,
			);
			runOnlyForDeploymentPostprocessing = 0;
		};
/* End PBXResourcesBuildPhase section */

/* Begin PBXSourcesBuildPhase section */
		3905B5E624C9C5DE00A768A7 /* Sources */ = {
			isa = PBXSourcesBuildPhase;
			buildActionMask = 2147483647;
			files = (
				3905B5F224C9C5DE00A768A7 /* ViewController.swift in Sources */,
				3905B5EE24C9C5DE00A768A7 /* AppDelegate.swift in Sources */,
				3905B60424C9C77600A768A7 /* ViewControllerRepresentable.swift in Sources */,
				3905B60224C9C6B500A768A7 /* SwiftUIView.swift in Sources */,
				3905B5F024C9C5DE00A768A7 /* SceneDelegate.swift in Sources */,
			);
			runOnlyForDeploymentPostprocessing = 0;
		};
/* End PBXSourcesBuildPhase section */

/* Begin PBXVariantGroup section */
		3905B5F324C9C5DE00A768A7 /* Main.storyboard */ = {
			isa = PBXVariantGroup;
			children = (
				3905B5F424C9C5DE00A768A7 /* Base */,
			);
			name = Main.storyboard;
			sourceTree = "<group>";
		};
		3905B5F824C9C5DF00A768A7 /* LaunchScreen.storyboard */ = {
			isa = PBXVariantGroup;
			children = (
				3905B5F924C9C5DF00A768A7 /* Base */,
			);
			name = LaunchScreen.storyboard;
			sourceTree = "<group>";
		};
/* End PBXVariantGroup section */

/* Begin XCBuildConfiguration section */
		3905B5FC24C9C5DF00A768A7 /* Debug */ = {
			isa = XCBuildConfiguration;
			buildSettings = {
				ALWAYS_SEARCH_USER_PATHS = NO;
				CLANG_ANALYZER_NONNULL = YES;
				CLANG_ANALYZER_NUMBER_OBJECT_CONVERSION = YES_AGGRESSIVE;
				CLANG_CXX_LANGUAGE_STANDARD = "gnu++14";
				CLANG_CXX_LIBRARY = "libc++";
				CLANG_ENABLE_MODULES = YES;
				CLANG_ENABLE_OBJC_ARC = YES;
				CLANG_ENABLE_OBJC_WEAK = YES;
				CLANG_WARN_BLOCK_CAPTURE_AUTORELEASING = YES;
				CLANG_WARN_BOOL_CONVERSION = YES;
				CLANG_WARN_COMMA = YES;
				CLANG_WARN_CONSTANT_CONVERSION = YES;
				CLANG_WARN_DEPRECATED_OBJC_IMPLEMENTATIONS = YES;
				CLANG_WARN_DIRECT_OBJC_ISA_USAGE = YES_ERROR;
				CLANG_WARN_DOCUMENTATION_COMMENTS = YES;
				CLANG_WARN_EMPTY_BODY = YES;
				CLANG_WARN_ENUM_CONVERSION = YES;
				CLANG_WARN_INFINITE_RECURSION = YES;
				CLANG_WARN_INT_CONVERSION = YES;
				CLANG_WARN_NON_LITERAL_NULL_CONVERSION = YES;
				CLANG_WARN_OBJC_IMPLICIT_RETAIN_SELF = YES;
				CLANG_WARN_OBJC_LITERAL_CONVERSION = YES;
				CLANG_WARN_OBJC_ROOT_CLASS = YES_ERROR;
				CLANG_WARN_RANGE_LOOP_ANALYSIS = YES;
				CLANG_WARN_STRICT_PROTOTYPES = YES;
				CLANG_WARN_SUSPICIOUS_MOVE = YES;
				CLANG_WARN_UNGUARDED_AVAILABILITY = YES_AGGRESSIVE;
				CLANG_WARN_UNREACHABLE_CODE = YES;
				CLANG_WARN__DUPLICATE_METHOD_MATCH = YES;
				COPY_PHASE_STRIP = NO;
				DEBUG_INFORMATION_FORMAT = dwarf;
				ENABLE_STRICT_OBJC_MSGSEND = YES;
				ENABLE_TESTABILITY = YES;
				GCC_C_LANGUAGE_STANDARD = gnu11;
				GCC_DYNAMIC_NO_PIC = NO;
				GCC_NO_COMMON_BLOCKS = YES;
				GCC_OPTIMIZATION_LEVEL = 0;
				GCC_PREPROCESSOR_DEFINITIONS = (
					"DEBUG=1",
					"$(inherited)",
				);
				GCC_WARN_64_TO_32_BIT_CONVERSION = YES;
				GCC_WARN_ABOUT_RETURN_TYPE = YES_ERROR;
				GCC_WARN_UNDECLARED_SELECTOR = YES;
				GCC_WARN_UNINITIALIZED_AUTOS = YES_AGGRESSIVE;
				GCC_WARN_UNUSED_FUNCTION = YES;
				GCC_WARN_UNUSED_VARIABLE = YES;
				IPHONEOS_DEPLOYMENT_TARGET = 13.6;
				MTL_ENABLE_DEBUG_INFO = INCLUDE_SOURCE;
				MTL_FAST_MATH = YES;
				ONLY_ACTIVE_ARCH = YES;
				SDKROOT = iphoneos;
				SWIFT_ACTIVE_COMPILATION_CONDITIONS = DEBUG;
				SWIFT_OPTIMIZATION_LEVEL = "-Onone";
			};
			name = Debug;
		};
		3905B5FD24C9C5DF00A768A7 /* Release */ = {
			isa = XCBuildConfiguration;
			buildSettings = {
				ALWAYS_SEARCH_USER_PATHS = NO;
				CLANG_ANALYZER_NONNULL = YES;
				CLANG_ANALYZER_NUMBER_OBJECT_CONVERSION = YES_AGGRESSIVE;
				CLANG_CXX_LANGUAGE_STANDARD = "gnu++14";
				CLANG_CXX_LIBRARY = "libc++";
				CLANG_ENABLE_MODULES = YES;
				CLANG_ENABLE_OBJC_ARC = YES;
				CLANG_ENABLE_OBJC_WEAK = YES;
				CLANG_WARN_BLOCK_CAPTURE_AUTORELEASING = YES;
				CLANG_WARN_BOOL_CONVERSION = YES;
				CLANG_WARN_COMMA = YES;
				CLANG_WARN_CONSTANT_CONVERSION = YES;
				CLANG_WARN_DEPRECATED_OBJC_IMPLEMENTATIONS = YES;
				CLANG_WARN_DIRECT_OBJC_ISA_USAGE = YES_ERROR;
				CLANG_WARN_DOCUMENTATION_COMMENTS = YES;
				CLANG_WARN_EMPTY_BODY = YES;
				CLANG_WARN_ENUM_CONVERSION = YES;
				CLANG_WARN_INFINITE_RECURSION = YES;
				CLANG_WARN_INT_CONVERSION = YES;
				CLANG_WARN_NON_LITERAL_NULL_CONVERSION = YES;
				CLANG_WARN_OBJC_IMPLICIT_RETAIN_SELF = YES;
				CLANG_WARN_OBJC_LITERAL_CONVERSION = YES;
				CLANG_WARN_OBJC_ROOT_CLASS = YES_ERROR;
				CLANG_WARN_RANGE_LOOP_ANALYSIS = YES;
				CLANG_WARN_STRICT_PROTOTYPES = YES;
				CLANG_WARN_SUSPICIOUS_MOVE = YES;
				CLANG_WARN_UNGUARDED_AVAILABILITY = YES_AGGRESSIVE;
				CLANG_WARN_UNREACHABLE_CODE = YES;
				CLANG_WARN__DUPLICATE_METHOD_MATCH = YES;
				COPY_PHASE_STRIP = NO;
				DEBUG_INFORMATION_FORMAT = "dwarf-with-dsym";
				ENABLE_NS_ASSERTIONS = NO;
				ENABLE_STRICT_OBJC_MSGSEND = YES;
				GCC_C_LANGUAGE_STANDARD = gnu11;
				GCC_NO_COMMON_BLOCKS = YES;
				GCC_WARN_64_TO_32_BIT_CONVERSION = YES;
				GCC_WARN_ABOUT_RETURN_TYPE = YES_ERROR;
				GCC_WARN_UNDECLARED_SELECTOR = YES;
				GCC_WARN_UNINITIALIZED_AUTOS = YES_AGGRESSIVE;
				GCC_WARN_UNUSED_FUNCTION = YES;
				GCC_WARN_UNUSED_VARIABLE = YES;
				IPHONEOS_DEPLOYMENT_TARGET = 13.6;
				MTL_ENABLE_DEBUG_INFO = NO;
				MTL_FAST_MATH = YES;
				SDKROOT = iphoneos;
				SWIFT_COMPILATION_MODE = wholemodule;
				SWIFT_OPTIMIZATION_LEVEL = "-O";
				VALIDATE_PRODUCT = YES;
			};
			name = Release;
		};
		3905B5FF24C9C5DF00A768A7 /* Debug */ = {
			isa = XCBuildConfiguration;
			buildSettings = {
				ASSETCATALOG_COMPILER_APPICON_NAME = AppIcon;
				CODE_SIGN_STYLE = Automatic;
				DEVELOPMENT_TEAM = 8945LEFC6X;
				INFOPLIST_FILE = UIKitSwiftUIDemo/Info.plist;
				LD_RUNPATH_SEARCH_PATHS = (
					"$(inherited)",
					"@executable_path/Frameworks",
				);
				PRODUCT_BUNDLE_IDENTIFIER = com.tridie2000.UIKitSwiftUIDemo;
				PRODUCT_NAME = "$(TARGET_NAME)";
				SWIFT_VERSION = 5.0;
				TARGETED_DEVICE_FAMILY = "1,2";
			};
			name = Debug;
		};
		3905B60024C9C5DF00A768A7 /* Release */ = {
			isa = XCBuildConfiguration;
			buildSettings = {
				ASSETCATALOG_COMPILER_APPICON_NAME = AppIcon;
				CODE_SIGN_STYLE = Automatic;
				DEVELOPMENT_TEAM = 8945LEFC6X;
				INFOPLIST_FILE = UIKitSwiftUIDemo/Info.plist;
				LD_RUNPATH_SEARCH_PATHS = (
					"$(inherited)",
					"@executable_path/Frameworks",
				);
				PRODUCT_BUNDLE_IDENTIFIER = com.tridie2000.UIKitSwiftUIDemo;
				PRODUCT_NAME = "$(TARGET_NAME)";
				SWIFT_VERSION = 5.0;
				TARGETED_DEVICE_FAMILY = "1,2";
			};
			name = Release;
		};
/* End XCBuildConfiguration section */

/* Begin XCConfigurationList section */
		3905B5E524C9C5DE00A768A7 /* Build configuration list for PBXProject "UIKitSwiftUIDemo" */ = {
			isa = XCConfigurationList;
			buildConfigurations = (
				3905B5FC24C9C5DF00A768A7 /* Debug */,
				3905B5FD24C9C5DF00A768A7 /* Release */,
			);
			defaultConfigurationIsVisible = 0;
			defaultConfigurationName = Release;
		};
		3905B5FE24C9C5DF00A768A7 /* Build configuration list for PBXNativeTarget "UIKitSwiftUIDemo" */ = {
			isa = XCConfigurationList;
			buildConfigurations = (
				3905B5FF24C9C5DF00A768A7 /* Debug */,
				3905B60024C9C5DF00A768A7 /* Release */,
			);
			defaultConfigurationIsVisible = 0;
			defaultConfigurationName = Release;
		};
/* End XCConfigurationList section */
	};
	rootObject = 3905B5E224C9C5DE00A768A7 /* Project object */;
}
